// !$*UTF8*$!
{
	archiveVersion = 1;
	classes = {
	};
	objectVersion = 50;
	objects = {

/* Begin PBXBuildFile section */
		F6BCCECC26DCB98A001E6278 /* AppDelegate.swift in Sources */ = {isa = PBXBuildFile; fileRef = F6BCCECB26DCB98A001E6278 /* AppDelegate.swift */; };
		F6BCCECE26DCB98A001E6278 /* SceneDelegate.swift in Sources */ = {isa = PBXBuildFile; fileRef = F6BCCECD26DCB98A001E6278 /* SceneDelegate.swift */; };
		F6BCCED026DCB98A001E6278 /* ViewController.swift in Sources */ = {isa = PBXBuildFile; fileRef = F6BCCECF26DCB98A001E6278 /* ViewController.swift */; };
		F6BCCED326DCB98A001E6278 /* Main.storyboard in Resources */ = {isa = PBXBuildFile; fileRef = F6BCCED126DCB98A001E6278 /* Main.storyboard */; };
		F6BCCED526DCB990001E6278 /* Assets.xcassets in Resources */ = {isa = PBXBuildFile; fileRef = F6BCCED426DCB990001E6278 /* Assets.xcassets */; };
		F6BCCED826DCB990001E6278 /* LaunchScreen.storyboard in Resources */ = {isa = PBXBuildFile; fileRef = F6BCCED626DCB990001E6278 /* LaunchScreen.storyboard */; };
		F6BCCEE326DCB990001E6278 /* TecMonTests.swift in Sources */ = {isa = PBXBuildFile; fileRef = F6BCCEE226DCB990001E6278 /* TecMonTests.swift */; };
		F6BCCEEE26DCB990001E6278 /* TecMonUITests.swift in Sources */ = {isa = PBXBuildFile; fileRef = F6BCCEED26DCB990001E6278 /* TecMonUITests.swift */; };
/* End PBXBuildFile section */

/* Begin PBXContainerItemProxy section */
		F6BCCEDF26DCB990001E6278 /* PBXContainerItemProxy */ = {
			isa = PBXContainerItemProxy;
			containerPortal = F6BCCEC026DCB98A001E6278 /* Project object */;
			proxyType = 1;
			remoteGlobalIDString = F6BCCEC726DCB98A001E6278;
			remoteInfo = TecMon;
		};
		F6BCCEEA26DCB990001E6278 /* PBXContainerItemProxy */ = {
			isa = PBXContainerItemProxy;
			containerPortal = F6BCCEC026DCB98A001E6278 /* Project object */;
			proxyType = 1;
			remoteGlobalIDString = F6BCCEC726DCB98A001E6278;
			remoteInfo = TecMon;
		};
/* End PBXContainerItemProxy section */

/* Begin PBXFileReference section */
		F6BCCEC826DCB98A001E6278 /* TecMon.app */ = {isa = PBXFileReference; explicitFileType = wrapper.application; includeInIndex = 0; path = TecMon.app; sourceTree = BUILT_PRODUCTS_DIR; };
		F6BCCECB26DCB98A001E6278 /* AppDelegate.swift */ = {isa = PBXFileReference; lastKnownFileType = sourcecode.swift; path = AppDelegate.swift; sourceTree = "<group>"; };
		F6BCCECD26DCB98A001E6278 /* SceneDelegate.swift */ = {isa = PBXFileReference; lastKnownFileType = sourcecode.swift; path = SceneDelegate.swift; sourceTree = "<group>"; };
		F6BCCECF26DCB98A001E6278 /* ViewController.swift */ = {isa = PBXFileReference; lastKnownFileType = sourcecode.swift; path = ViewController.swift; sourceTree = "<group>"; };
		F6BCCED226DCB98A001E6278 /* Base */ = {isa = PBXFileReference; lastKnownFileType = file.storyboard; name = Base; path = Base.lproj/Main.storyboard; sourceTree = "<group>"; };
		F6BCCED426DCB990001E6278 /* Assets.xcassets */ = {isa = PBXFileReference; lastKnownFileType = folder.assetcatalog; path = Assets.xcassets; sourceTree = "<group>"; };
		F6BCCED726DCB990001E6278 /* Base */ = {isa = PBXFileReference; lastKnownFileType = file.storyboard; name = Base; path = Base.lproj/LaunchScreen.storyboard; sourceTree = "<group>"; };
		F6BCCED926DCB990001E6278 /* Info.plist */ = {isa = PBXFileReference; lastKnownFileType = text.plist.xml; path = Info.plist; sourceTree = "<group>"; };
		F6BCCEDE26DCB990001E6278 /* TecMonTests.xctest */ = {isa = PBXFileReference; explicitFileType = wrapper.cfbundle; includeInIndex = 0; path = TecMonTests.xctest; sourceTree = BUILT_PRODUCTS_DIR; };
		F6BCCEE226DCB990001E6278 /* TecMonTests.swift */ = {isa = PBXFileReference; lastKnownFileType = sourcecode.swift; path = TecMonTests.swift; sourceTree = "<group>"; };
		F6BCCEE426DCB990001E6278 /* Info.plist */ = {isa = PBXFileReference; lastKnownFileType = text.plist.xml; path = Info.plist; sourceTree = "<group>"; };
		F6BCCEE926DCB990001E6278 /* TecMonUITests.xctest */ = {isa = PBXFileReference; explicitFileType = wrapper.cfbundle; includeInIndex = 0; path = TecMonUITests.xctest; sourceTree = BUILT_PRODUCTS_DIR; };
		F6BCCEED26DCB990001E6278 /* TecMonUITests.swift */ = {isa = PBXFileReference; lastKnownFileType = sourcecode.swift; path = TecMonUITests.swift; sourceTree = "<group>"; };
		F6BCCEEF26DCB990001E6278 /* Info.plist */ = {isa = PBXFileReference; lastKnownFileType = text.plist.xml; path = Info.plist; sourceTree = "<group>"; };
/* End PBXFileReference section */

/* Begin PBXFrameworksBuildPhase section */
		F6BCCEC526DCB98A001E6278 /* Frameworks */ = {
			isa = PBXFrameworksBuildPhase;
			buildActionMask = 2147483647;
			files = (
			);
			runOnlyForDeploymentPostprocessing = 0;
		};
		F6BCCEDB26DCB990001E6278 /* Frameworks */ = {
			isa = PBXFrameworksBuildPhase;
			buildActionMask = 2147483647;
			files = (
			);
			runOnlyForDeploymentPostprocessing = 0;
		};
		F6BCCEE626DCB990001E6278 /* Frameworks */ = {
			isa = PBXFrameworksBuildPhase;
			buildActionMask = 2147483647;
			files = (
			);
			runOnlyForDeploymentPostprocessing = 0;
		};
/* End PBXFrameworksBuildPhase section */

/* Begin PBXGroup section */
		F6BCCEBF26DCB98A001E6278 = {
			isa = PBXGroup;
			children = (
				F6BCCECA26DCB98A001E6278 /* TecMon */,
				F6BCCEE126DCB990001E6278 /* TecMonTests */,
				F6BCCEEC26DCB990001E6278 /* TecMonUITests */,
				F6BCCEC926DCB98A001E6278 /* Products */,
			);
			sourceTree = "<group>";
		};
		F6BCCEC926DCB98A001E6278 /* Products */ = {
			isa = PBXGroup;
			children = (
				F6BCCEC826DCB98A001E6278 /* TecMon.app */,
				F6BCCEDE26DCB990001E6278 /* TecMonTests.xctest */,
				F6BCCEE926DCB990001E6278 /* TecMonUITests.xctest */,
			);
			name = Products;
			sourceTree = "<group>";
		};
		F6BCCECA26DCB98A001E6278 /* TecMon */ = {
			isa = PBXGroup;
			children = (
				F6BCCECB26DCB98A001E6278 /* AppDelegate.swift */,
				F6BCCECD26DCB98A001E6278 /* SceneDelegate.swift */,
				F6BCCECF26DCB98A001E6278 /* ViewController.swift */,
				F6BCCED126DCB98A001E6278 /* Main.storyboard */,
				F6BCCED426DCB990001E6278 /* Assets.xcassets */,
				F6BCCED626DCB990001E6278 /* LaunchScreen.storyboard */,
				F6BCCED926DCB990001E6278 /* Info.plist */,
			);
			path = TecMon;
			sourceTree = "<group>";
		};
		F6BCCEE126DCB990001E6278 /* TecMonTests */ = {
			isa = PBXGroup;
			children = (
				F6BCCEE226DCB990001E6278 /* TecMonTests.swift */,
				F6BCCEE426DCB990001E6278 /* Info.plist */,
			);
			path = TecMonTests;
			sourceTree = "<group>";
		};
		F6BCCEEC26DCB990001E6278 /* TecMonUITests */ = {
			isa = PBXGroup;
			children = (
				F6BCCEED26DCB990001E6278 /* TecMonUITests.swift */,
				F6BCCEEF26DCB990001E6278 /* Info.plist */,
			);
			path = TecMonUITests;
			sourceTree = "<group>";
		};
/* End PBXGroup section */

/* Begin PBXNativeTarget section */
		F6BCCEC726DCB98A001E6278 /* TecMon */ = {
			isa = PBXNativeTarget;
			buildConfigurationList = F6BCCEF226DCB990001E6278 /* Build configuration list for PBXNativeTarget "TecMon" */;
			buildPhases = (
				F6BCCEC426DCB98A001E6278 /* Sources */,
				F6BCCEC526DCB98A001E6278 /* Frameworks */,
				F6BCCEC626DCB98A001E6278 /* Resources */,
			);
			buildRules = (
			);
			dependencies = (
			);
			name = TecMon;
			productName = TecMon;
			productReference = F6BCCEC826DCB98A001E6278 /* TecMon.app */;
			productType = "com.apple.product-type.application";
		};
		F6BCCEDD26DCB990001E6278 /* TecMonTests */ = {
			isa = PBXNativeTarget;
			buildConfigurationList = F6BCCEF526DCB990001E6278 /* Build configuration list for PBXNativeTarget "TecMonTests" */;
			buildPhases = (
				F6BCCEDA26DCB990001E6278 /* Sources */,
				F6BCCEDB26DCB990001E6278 /* Frameworks */,
				F6BCCEDC26DCB990001E6278 /* Resources */,
			);
			buildRules = (
			);
			dependencies = (
				F6BCCEE026DCB990001E6278 /* PBXTargetDependency */,
			);
			name = TecMonTests;
			productName = TecMonTests;
			productReference = F6BCCEDE26DCB990001E6278 /* TecMonTests.xctest */;
			productType = "com.apple.product-type.bundle.unit-test";
		};
		F6BCCEE826DCB990001E6278 /* TecMonUITests */ = {
			isa = PBXNativeTarget;
			buildConfigurationList = F6BCCEF826DCB990001E6278 /* Build configuration list for PBXNativeTarget "TecMonUITests" */;
			buildPhases = (
				F6BCCEE526DCB990001E6278 /* Sources */,
				F6BCCEE626DCB990001E6278 /* Frameworks */,
				F6BCCEE726DCB990001E6278 /* Resources */,
			);
			buildRules = (
			);
			dependencies = (
				F6BCCEEB26DCB990001E6278 /* PBXTargetDependency */,
			);
			name = TecMonUITests;
			productName = TecMonUITests;
			productReference = F6BCCEE926DCB990001E6278 /* TecMonUITests.xctest */;
			productType = "com.apple.product-type.bundle.ui-testing";
		};
/* End PBXNativeTarget section */

/* Begin PBXProject section */
		F6BCCEC026DCB98A001E6278 /* Project object */ = {
			isa = PBXProject;
			attributes = {
				LastSwiftUpdateCheck = 1250;
				LastUpgradeCheck = 1250;
				TargetAttributes = {
					F6BCCEC726DCB98A001E6278 = {
						CreatedOnToolsVersion = 12.5.1;
					};
					F6BCCEDD26DCB990001E6278 = {
						CreatedOnToolsVersion = 12.5.1;
						TestTargetID = F6BCCEC726DCB98A001E6278;
					};
					F6BCCEE826DCB990001E6278 = {
						CreatedOnToolsVersion = 12.5.1;
						TestTargetID = F6BCCEC726DCB98A001E6278;
					};
				};
			};
			buildConfigurationList = F6BCCEC326DCB98A001E6278 /* Build configuration list for PBXProject "TecMon" */;
			compatibilityVersion = "Xcode 9.3";
			developmentRegion = en;
			hasScannedForEncodings = 0;
			knownRegions = (
				en,
				Base,
			);
			mainGroup = F6BCCEBF26DCB98A001E6278;
			productRefGroup = F6BCCEC926DCB98A001E6278 /* Products */;
			projectDirPath = "";
			projectRoot = "";
			targets = (
				F6BCCEC726DCB98A001E6278 /* TecMon */,
				F6BCCEDD26DCB990001E6278 /* TecMonTests */,
				F6BCCEE826DCB990001E6278 /* TecMonUITests */,
			);
		};
/* End PBXProject section */

/* Begin PBXResourcesBuildPhase section */
		F6BCCEC626DCB98A001E6278 /* Resources */ = {
			isa = PBXResourcesBuildPhase;
			buildActionMask = 2147483647;
			files = (
				F6BCCED826DCB990001E6278 /* LaunchScreen.storyboard in Resources */,
				F6BCCED526DCB990001E6278 /* Assets.xcassets in Resources */,
				F6BCCED326DCB98A001E6278 /* Main.storyboard in Resources */,
			);
			runOnlyForDeploymentPostprocessing = 0;
		};
		F6BCCEDC26DCB990001E6278 /* Resources */ = {
			isa = PBXResourcesBuildPhase;
			buildActionMask = 2147483647;
			files = (
			);
			runOnlyForDeploymentPostprocessing = 0;
		};
		F6BCCEE726DCB990001E6278 /* Resources */ = {
			isa = PBXResourcesBuildPhase;
			buildActionMask = 2147483647;
			files = (
			);
			runOnlyForDeploymentPostprocessing = 0;
		};
/* End PBXResourcesBuildPhase section */

/* Begin PBXSourcesBuildPhase section */
		F6BCCEC426DCB98A001E6278 /* Sources */ = {
			isa = PBXSourcesBuildPhase;
			buildActionMask = 2147483647;
			files = (
				F6BCCED026DCB98A001E6278 /* ViewController.swift in Sources */,
				F6BCCECC26DCB98A001E6278 /* AppDelegate.swift in Sources */,
				F6BCCECE26DCB98A001E6278 /* SceneDelegate.swift in Sources */,
			);
			runOnlyForDeploymentPostprocessing = 0;
		};
		F6BCCEDA26DCB990001E6278 /* Sources */ = {
			isa = PBXSourcesBuildPhase;
			buildActionMask = 2147483647;
			files = (
				F6BCCEE326DCB990001E6278 /* TecMonTests.swift in Sources */,
			);
			runOnlyForDeploymentPostprocessing = 0;
		};
		F6BCCEE526DCB990001E6278 /* Sources */ = {
			isa = PBXSourcesBuildPhase;
			buildActionMask = 2147483647;
			files = (
				F6BCCEEE26DCB990001E6278 /* TecMonUITests.swift in Sources */,
			);
			runOnlyForDeploymentPostprocessing = 0;
		};
/* End PBXSourcesBuildPhase section */

/* Begin PBXTargetDependency section */
		F6BCCEE026DCB990001E6278 /* PBXTargetDependency */ = {
			isa = PBXTargetDependency;
			target = F6BCCEC726DCB98A001E6278 /* TecMon */;
			targetProxy = F6BCCEDF26DCB990001E6278 /* PBXContainerItemProxy */;
		};
		F6BCCEEB26DCB990001E6278 /* PBXTargetDependency */ = {
			isa = PBXTargetDependency;
			target = F6BCCEC726DCB98A001E6278 /* TecMon */;
			targetProxy = F6BCCEEA26DCB990001E6278 /* PBXContainerItemProxy */;
		};
/* End PBXTargetDependency section */

/* Begin PBXVariantGroup section */
		F6BCCED126DCB98A001E6278 /* Main.storyboard */ = {
			isa = PBXVariantGroup;
			children = (
				F6BCCED226DCB98A001E6278 /* Base */,
			);
			name = Main.storyboard;
			sourceTree = "<group>";
		};
		F6BCCED626DCB990001E6278 /* LaunchScreen.storyboard */ = {
			isa = PBXVariantGroup;
			children = (
				F6BCCED726DCB990001E6278 /* Base */,
			);
			name = LaunchScreen.storyboard;
			sourceTree = "<group>";
		};
/* End PBXVariantGroup section */

/* Begin XCBuildConfiguration section */
		F6BCCEF026DCB990001E6278 /* Debug */ = {
			isa = XCBuildConfiguration;
			buildSettings = {
				ALWAYS_SEARCH_USER_PATHS = NO;
				CLANG_ANALYZER_NONNULL = YES;
				CLANG_ANALYZER_NUMBER_OBJECT_CONVERSION = YES_AGGRESSIVE;
				CLANG_CXX_LANGUAGE_STANDARD = "gnu++14";
				CLANG_CXX_LIBRARY = "libc++";
				CLANG_ENABLE_MODULES = YES;
				CLANG_ENABLE_OBJC_ARC = YES;
				CLANG_ENABLE_OBJC_WEAK = YES;
				CLANG_WARN_BLOCK_CAPTURE_AUTORELEASING = YES;
				CLANG_WARN_BOOL_CONVERSION = YES;
				CLANG_WARN_COMMA = YES;
				CLANG_WARN_CONSTANT_CONVERSION = YES;
				CLANG_WARN_DEPRECATED_OBJC_IMPLEMENTATIONS = YES;
				CLANG_WARN_DIRECT_OBJC_ISA_USAGE = YES_ERROR;
				CLANG_WARN_DOCUMENTATION_COMMENTS = YES;
				CLANG_WARN_EMPTY_BODY = YES;
				CLANG_WARN_ENUM_CONVERSION = YES;
				CLANG_WARN_INFINITE_RECURSION = YES;
				CLANG_WARN_INT_CONVERSION = YES;
				CLANG_WARN_NON_LITERAL_NULL_CONVERSION = YES;
				CLANG_WARN_OBJC_IMPLICIT_RETAIN_SELF = YES;
				CLANG_WARN_OBJC_LITERAL_CONVERSION = YES;
				CLANG_WARN_OBJC_ROOT_CLASS = YES_ERROR;
				CLANG_WARN_QUOTED_INCLUDE_IN_FRAMEWORK_HEADER = YES;
				CLANG_WARN_RANGE_LOOP_ANALYSIS = YES;
				CLANG_WARN_STRICT_PROTOTYPES = YES;
				CLANG_WARN_SUSPICIOUS_MOVE = YES;
				CLANG_WARN_UNGUARDED_AVAILABILITY = YES_AGGRESSIVE;
				CLANG_WARN_UNREACHABLE_CODE = YES;
				CLANG_WARN__DUPLICATE_METHOD_MATCH = YES;
				COPY_PHASE_STRIP = NO;
				DEBUG_INFORMATION_FORMAT = dwarf;
				ENABLE_STRICT_OBJC_MSGSEND = YES;
				ENABLE_TESTABILITY = YES;
				GCC_C_LANGUAGE_STANDARD = gnu11;
				GCC_DYNAMIC_NO_PIC = NO;
				GCC_NO_COMMON_BLOCKS = YES;
				GCC_OPTIMIZATION_LEVEL = 0;
				GCC_PREPROCESSOR_DEFINITIONS = (
					"DEBUG=1",
					"$(inherited)",
				);
				GCC_WARN_64_TO_32_BIT_CONVERSION = YES;
				GCC_WARN_ABOUT_RETURN_TYPE = YES_ERROR;
				GCC_WARN_UNDECLARED_SELECTOR = YES;
				GCC_WARN_UNINITIALIZED_AUTOS = YES_AGGRESSIVE;
				GCC_WARN_UNUSED_FUNCTION = YES;
				GCC_WARN_UNUSED_VARIABLE = YES;
				IPHONEOS_DEPLOYMENT_TARGET = 14.5;
				MTL_ENABLE_DEBUG_INFO = INCLUDE_SOURCE;
				MTL_FAST_MATH = YES;
				ONLY_ACTIVE_ARCH = YES;
				SDKROOT = iphoneos;
				SWIFT_ACTIVE_COMPILATION_CONDITIONS = DEBUG;
				SWIFT_OPTIMIZATION_LEVEL = "-Onone";
			};
			name = Debug;
		};
		F6BCCEF126DCB990001E6278 /* Release */ = {
			isa = XCBuildConfiguration;
			buildSettings = {
				ALWAYS_SEARCH_USER_PATHS = NO;
				CLANG_ANALYZER_NONNULL = YES;
				CLANG_ANALYZER_NUMBER_OBJECT_CONVERSION = YES_AGGRESSIVE;
				CLANG_CXX_LANGUAGE_STANDARD = "gnu++14";
				CLANG_CXX_LIBRARY = "libc++";
				CLANG_ENABLE_MODULES = YES;
				CLANG_ENABLE_OBJC_ARC = YES;
				CLANG_ENABLE_OBJC_WEAK = YES;
				CLANG_WARN_BLOCK_CAPTURE_AUTORELEASING = YES;
				CLANG_WARN_BOOL_CONVERSION = YES;
				CLANG_WARN_COMMA = YES;
				CLANG_WARN_CONSTANT_CONVERSION = YES;
				CLANG_WARN_DEPRECATED_OBJC_IMPLEMENTATIONS = YES;
				CLANG_WARN_DIRECT_OBJC_ISA_USAGE = YES_ERROR;
				CLANG_WARN_DOCUMENTATION_COMMENTS = YES;
				CLANG_WARN_EMPTY_BODY = YES;
				CLANG_WARN_ENUM_CONVERSION = YES;
				CLANG_WARN_INFINITE_RECURSION = YES;
				CLANG_WARN_INT_CONVERSION = YES;
				CLANG_WARN_NON_LITERAL_NULL_CONVERSION = YES;
				CLANG_WARN_OBJC_IMPLICIT_RETAIN_SELF = YES;
				CLANG_WARN_OBJC_LITERAL_CONVERSION = YES;
				CLANG_WARN_OBJC_ROOT_CLASS = YES_ERROR;
				CLANG_WARN_QUOTED_INCLUDE_IN_FRAMEWORK_HEADER = YES;
				CLANG_WARN_RANGE_LOOP_ANALYSIS = YES;
				CLANG_WARN_STRICT_PROTOTYPES = YES;
				CLANG_WARN_SUSPICIOUS_MOVE = YES;
				CLANG_WARN_UNGUARDED_AVAILABILITY = YES_AGGRESSIVE;
				CLANG_WARN_UNREACHABLE_CODE = YES;
				CLANG_WARN__DUPLICATE_METHOD_MATCH = YES;
				COPY_PHASE_STRIP = NO;
				DEBUG_INFORMATION_FORMAT = "dwarf-with-dsym";
				ENABLE_NS_ASSERTIONS = NO;
				ENABLE_STRICT_OBJC_MSGSEND = YES;
				GCC_C_LANGUAGE_STANDARD = gnu11;
				GCC_NO_COMMON_BLOCKS = YES;
				GCC_WARN_64_TO_32_BIT_CONVERSION = YES;
				GCC_WARN_ABOUT_RETURN_TYPE = YES_ERROR;
				GCC_WARN_UNDECLARED_SELECTOR = YES;
				GCC_WARN_UNINITIALIZED_AUTOS = YES_AGGRESSIVE;
				GCC_WARN_UNUSED_FUNCTION = YES;
				GCC_WARN_UNUSED_VARIABLE = YES;
				IPHONEOS_DEPLOYMENT_TARGET = 14.5;
				MTL_ENABLE_DEBUG_INFO = NO;
				MTL_FAST_MATH = YES;
				SDKROOT = iphoneos;
				SWIFT_COMPILATION_MODE = wholemodule;
				SWIFT_OPTIMIZATION_LEVEL = "-O";
				VALIDATE_PRODUCT = YES;
			};
			name = Release;
		};
		F6BCCEF326DCB990001E6278 /* Debug */ = {
			isa = XCBuildConfiguration;
			buildSettings = {
				ASSETCATALOG_COMPILER_APPICON_NAME = AppIcon;
				ASSETCATALOG_COMPILER_GLOBAL_ACCENT_COLOR_NAME = AccentColor;
				CODE_SIGN_STYLE = Automatic;
				DEVELOPMENT_TEAM = B7QT8ZD8YA;
				INFOPLIST_FILE = TecMon/Info.plist;
				LD_RUNPATH_SEARCH_PATHS = (
					"$(inherited)",
					"@executable_path/Frameworks",
				);
				PRODUCT_BUNDLE_IDENTIFIER = app.takahashi.tanty.TecMon;
				PRODUCT_NAME = "$(TARGET_NAME)";
				SWIFT_VERSION = 5.0;
				TARGETED_DEVICE_FAMILY = "1,2";
			};
			name = Debug;
		};
		F6BCCEF426DCB990001E6278 /* Release */ = {
			isa = XCBuildConfiguration;
			buildSettings = {
				ASSETCATALOG_COMPILER_APPICON_NAME = AppIcon;
				ASSETCATALOG_COMPILER_GLOBAL_ACCENT_COLOR_NAME = AccentColor;
				CODE_SIGN_STYLE = Automatic;
				DEVELOPMENT_TEAM = B7QT8ZD8YA;
				INFOPLIST_FILE = TecMon/Info.plist;
				LD_RUNPATH_SEARCH_PATHS = (
					"$(inherited)",
					"@executable_path/Frameworks",
				);
				PRODUCT_BUNDLE_IDENTIFIER = app.takahashi.tanty.TecMon;
				PRODUCT_NAME = "$(TARGET_NAME)";
				SWIFT_VERSION = 5.0;
				TARGETED_DEVICE_FAMILY = "1,2";
			};
			name = Release;
		};
		F6BCCEF626DCB990001E6278 /* Debug */ = {
			isa = XCBuildConfiguration;
			buildSettings = {
				ALWAYS_EMBED_SWIFT_STANDARD_LIBRARIES = YES;
				BUNDLE_LOADER = "$(TEST_HOST)";
				CODE_SIGN_STYLE = Automatic;
				DEVELOPMENT_TEAM = B7QT8ZD8YA;
				INFOPLIST_FILE = TecMonTests/Info.plist;
				IPHONEOS_DEPLOYMENT_TARGET = 14.5;
				LD_RUNPATH_SEARCH_PATHS = (
					"$(inherited)",
					"@executable_path/Frameworks",
					"@loader_path/Frameworks",
				);
				PRODUCT_BUNDLE_IDENTIFIER = app.takahashi.tanty.TecMonTests;
				PRODUCT_NAME = "$(TARGET_NAME)";
				SWIFT_VERSION = 5.0;
				TARGETED_DEVICE_FAMILY = "1,2";
				TEST_HOST = "$(BUILT_PRODUCTS_DIR)/TecMon.app/TecMon";
			};
			name = Debug;
		};
		F6BCCEF726DCB990001E6278 /* Release */ = {
			isa = XCBuildConfiguration;
			buildSettings = {
				ALWAYS_EMBED_SWIFT_STANDARD_LIBRARIES = YES;
				BUNDLE_LOADER = "$(TEST_HOST)";
				CODE_SIGN_STYLE = Automatic;
				DEVELOPMENT_TEAM = B7QT8ZD8YA;
				INFOPLIST_FILE = TecMonTests/Info.plist;
				IPHONEOS_DEPLOYMENT_TARGET = 14.5;
				LD_RUNPATH_SEARCH_PATHS = (
					"$(inherited)",
					"@executable_path/Frameworks",
					"@loader_path/Frameworks",
				);
				PRODUCT_BUNDLE_IDENTIFIER = app.takahashi.tanty.TecMonTests;
				PRODUCT_NAME = "$(TARGET_NAME)";
				SWIFT_VERSION = 5.0;
				TARGETED_DEVICE_FAMILY = "1,2";
				TEST_HOST = "$(BUILT_PRODUCTS_DIR)/TecMon.app/TecMon";
			};
			name = Release;
		};
		F6BCCEF926DCB990001E6278 /* Debug */ = {
			isa = XCBuildConfiguration;
			buildSettings = {
				ALWAYS_EMBED_SWIFT_STANDARD_LIBRARIES = YES;
				CODE_SIGN_STYLE = Automatic;
				DEVELOPMENT_TEAM = B7QT8ZD8YA;
				INFOPLIST_FILE = TecMonUITests/Info.plist;
				LD_RUNPATH_SEARCH_PATHS = (
					"$(inherited)",
					"@executable_path/Frameworks",
					"@loader_path/Frameworks",
				);
				PRODUCT_BUNDLE_IDENTIFIER = app.takahashi.tanty.TecMonUITests;
				PRODUCT_NAME = "$(TARGET_NAME)";
				SWIFT_VERSION = 5.0;
				TARGETED_DEVICE_FAMILY = "1,2";
				TEST_TARGET_NAME = TecMon;
			};
			name = Debug;
		};
		F6BCCEFA26DCB990001E6278 /* Release */ = {
			isa = XCBuildConfiguration;
			buildSettings = {
				ALWAYS_EMBED_SWIFT_STANDARD_LIBRARIES = YES;
				CODE_SIGN_STYLE = Automatic;
				DEVELOPMENT_TEAM = B7QT8ZD8YA;
				INFOPLIST_FILE = TecMonUITests/Info.plist;
				LD_RUNPATH_SEARCH_PATHS = (
					"$(inherited)",
					"@executable_path/Frameworks",
					"@loader_path/Frameworks",
				);
				PRODUCT_BUNDLE_IDENTIFIER = app.takahashi.tanty.TecMonUITests;
				PRODUCT_NAME = "$(TARGET_NAME)";
				SWIFT_VERSION = 5.0;
				TARGETED_DEVICE_FAMILY = "1,2";
				TEST_TARGET_NAME = TecMon;
			};
			name = Release;
		};
/* End XCBuildConfiguration section */

/* Begin XCConfigurationList section */
		F6BCCEC326DCB98A001E6278 /* Build configuration list for PBXProject "TecMon" */ = {
			isa = XCConfigurationList;
			buildConfigurations = (
				F6BCCEF026DCB990001E6278 /* Debug */,
				F6BCCEF126DCB990001E6278 /* Release */,
			);
			defaultConfigurationIsVisible = 0;
			defaultConfigurationName = Release;
		};
		F6BCCEF226DCB990001E6278 /* Build configuration list for PBXNativeTarget "TecMon" */ = {
			isa = XCConfigurationList;
			buildConfigurations = (
				F6BCCEF326DCB990001E6278 /* Debug */,
				F6BCCEF426DCB990001E6278 /* Release */,
			);
			defaultConfigurationIsVisible = 0;
			defaultConfigurationName = Release;
		};
		F6BCCEF526DCB990001E6278 /* Build configuration list for PBXNativeTarget "TecMonTests" */ = {
			isa = XCConfigurationList;
			buildConfigurations = (
				F6BCCEF626DCB990001E6278 /* Debug */,
				F6BCCEF726DCB990001E6278 /* Release */,
			);
			defaultConfigurationIsVisible = 0;
			defaultConfigurationName = Release;
		};
		F6BCCEF826DCB990001E6278 /* Build configuration list for PBXNativeTarget "TecMonUITests" */ = {
			isa = XCConfigurationList;
			buildConfigurations = (
				F6BCCEF926DCB990001E6278 /* Debug */,
				F6BCCEFA26DCB990001E6278 /* Release */,
			);
			defaultConfigurationIsVisible = 0;
			defaultConfigurationName = Release;
		};
/* End XCConfigurationList section */
	};
	rootObject = F6BCCEC026DCB98A001E6278 /* Project object */;
}
